
Microsoft Visual Studio Solution File, Format Version 12.00
# Visual Studio Version 17
VisualStudioVersion = 17.8.34511.84
MinimumVisualStudioVersion = 10.0.40219.1
Project("{FAE04EC0-301F-11D3-BF4B-00C04F79EFBC}") = "Task", "Task.csproj", "{86B46C1B-C1F9-4BD4-8CAF-B59212D7BD96}"
EndProject
Global
	GlobalSection(SolutionConfigurationPlatforms) = preSolution
		Debug|Any CPU = Debug|Any CPU
		Release|Any CPU = Release|Any CPU
	EndGlobalSection
	GlobalSection(ProjectConfigurationPlatforms) = postSolution
		{86B46C1B-C1F9-4BD4-8CAF-B59212D7BD96}.Debug|Any CPU.ActiveCfg = Debug|Any CPU
		{86B46C1B-C1F9-4BD4-8CAF-B59212D7BD96}.Debug|Any CPU.Build.0 = Debug|Any CPU
		{86B46C1B-C1F9-4BD4-8CAF-B59212D7BD96}.Release|Any CPU.ActiveCfg = Release|Any CPU
		{86B46C1B-C1F9-4BD4-8CAF-B59212D7BD96}.Release|Any CPU.Build.0 = Release|Any CPU
	EndGlobalSection
	GlobalSection(SolutionProperties) = preSolution
		HideSolutionNode = FALSE
	EndGlobalSection
	GlobalSection(ExtensibilityGlobals) = postSolution
		SolutionGuid = {206129D0-A4E3-45A3-82EB-3253FE4D5E86}
	EndGlobalSection
EndGlobal
